
Microsoft Visual Studio Solution File, Format Version 12.00
# Visual Studio Version 17
VisualStudioVersion = 17.1.32210.238
MinimumVisualStudioVersion = 10.0.40219.1
Project("{FAE04EC0-301F-11D3-BF4B-00C04F79EFBC}") = "FinalProjectRegistration_22", "FinalProjectRegistration_22\FinalProjectRegistration_22.csproj", "{912E0ABA-90AB-46FF-B9DA-30099E1C1DC7}"
EndProject
Project("{FAE04EC0-301F-11D3-BF4B-00C04F79EFBC}") = "XUnitTests", "XUnitTests\XUnitTests.csproj", "{B42BBBAC-2955-4AE0-BAFB-583D7F264D3B}"
EndProject
Global
	GlobalSection(SolutionConfigurationPlatforms) = preSolution
		Debug|Any CPU = Debug|Any CPU
		Release|Any CPU = Release|Any CPU
	EndGlobalSection
	GlobalSection(ProjectConfigurationPlatforms) = postSolution
		{912E0ABA-90AB-46FF-B9DA-30099E1C1DC7}.Debug|Any CPU.ActiveCfg = Debug|Any CPU
		{912E0ABA-90AB-46FF-B9DA-30099E1C1DC7}.Debug|Any CPU.Build.0 = Debug|Any CPU
		{912E0ABA-90AB-46FF-B9DA-30099E1C1DC7}.Release|Any CPU.ActiveCfg = Release|Any CPU
		{912E0ABA-90AB-46FF-B9DA-30099E1C1DC7}.Release|Any CPU.Build.0 = Release|Any CPU
		{B42BBBAC-2955-4AE0-BAFB-583D7F264D3B}.Debug|Any CPU.ActiveCfg = Debug|Any CPU
		{B42BBBAC-2955-4AE0-BAFB-583D7F264D3B}.Debug|Any CPU.Build.0 = Debug|Any CPU
		{B42BBBAC-2955-4AE0-BAFB-583D7F264D3B}.Release|Any CPU.ActiveCfg = Release|Any CPU
		{B42BBBAC-2955-4AE0-BAFB-583D7F264D3B}.Release|Any CPU.Build.0 = Release|Any CPU
	EndGlobalSection
	GlobalSection(SolutionProperties) = preSolution
		HideSolutionNode = FALSE
	EndGlobalSection
	GlobalSection(ExtensibilityGlobals) = postSolution
		SolutionGuid = {FA89BAC6-18CD-4A71-B3AA-F727C28D16EC}
	EndGlobalSection
EndGlobal
